
Microsoft Visual Studio Solution File, Format Version 12.00
# Visual Studio 15
VisualStudioVersion = 15.0.27130.2027
MinimumVisualStudioVersion = 10.0.40219.1
Project("{FAE04EC0-301F-11D3-BF4B-00C04F79EFBC}") = "dotnetcoreandAngular5", "dotnetcoreandAngular5\dotnetcoreandAngular5.csproj", "{99EFD6C4-64D6-404B-B360-8DB9B1E8CD2D}"
EndProject
Global
	GlobalSection(SolutionConfigurationPlatforms) = preSolution
		Debug|Any CPU = Debug|Any CPU
		Release|Any CPU = Release|Any CPU
	EndGlobalSection
	GlobalSection(ProjectConfigurationPlatforms) = postSolution
		{99EFD6C4-64D6-404B-B360-8DB9B1E8CD2D}.Debug|Any CPU.ActiveCfg = Debug|Any CPU
		{99EFD6C4-64D6-404B-B360-8DB9B1E8CD2D}.Debug|Any CPU.Build.0 = Debug|Any CPU
		{99EFD6C4-64D6-404B-B360-8DB9B1E8CD2D}.Release|Any CPU.ActiveCfg = Release|Any CPU
		{99EFD6C4-64D6-404B-B360-8DB9B1E8CD2D}.Release|Any CPU.Build.0 = Release|Any CPU
	EndGlobalSection
	GlobalSection(SolutionProperties) = preSolution
		HideSolutionNode = FALSE
	EndGlobalSection
	GlobalSection(ExtensibilityGlobals) = postSolution
		SolutionGuid = {E00D60ED-1392-4A63-8E78-2345F8F34F6C}
	EndGlobalSection
EndGlobal
